// !$*UTF8*$!
{
	archiveVersion = 1;
	classes = {
	};
	objectVersion = 55;
	objects = {

/* Begin PBXBuildFile section */
		C7526266295C3525008B40F8 /* WebServices.swift in Sources */ = {isa = PBXBuildFile; fileRef = C7526265295C3525008B40F8 /* WebServices.swift */; };
		C7526269295C3B01008B40F8 /* WeatherResponce.swift in Sources */ = {isa = PBXBuildFile; fileRef = C7526268295C3B01008B40F8 /* WeatherResponce.swift */; };
		C752626C295C4BBF008B40F8 /* AddWheatherViewModels.swift in Sources */ = {isa = PBXBuildFile; fileRef = C752626B295C4BBF008B40F8 /* AddWheatherViewModels.swift */; };
		C752626F295C4CD2008B40F8 /* WheatherListViewModel.swift in Sources */ = {isa = PBXBuildFile; fileRef = C752626E295C4CD2008B40F8 /* WheatherListViewModel.swift */; };
		C7863C01295BEA6600DEB119 /* AppDelegate.swift in Sources */ = {isa = PBXBuildFile; fileRef = C7863C00295BEA6600DEB119 /* AppDelegate.swift */; };
		C7863C03295BEA6600DEB119 /* SceneDelegate.swift in Sources */ = {isa = PBXBuildFile; fileRef = C7863C02295BEA6600DEB119 /* SceneDelegate.swift */; };
		C7863C08295BEA6600DEB119 /* Main.storyboard in Resources */ = {isa = PBXBuildFile; fileRef = C7863C06295BEA6600DEB119 /* Main.storyboard */; };
		C7863C0A295BEA6800DEB119 /* Assets.xcassets in Resources */ = {isa = PBXBuildFile; fileRef = C7863C09295BEA6800DEB119 /* Assets.xcassets */; };
		C7863C0D295BEA6800DEB119 /* LaunchScreen.storyboard in Resources */ = {isa = PBXBuildFile; fileRef = C7863C0B295BEA6800DEB119 /* LaunchScreen.storyboard */; };
		C7863C18295BEA6800DEB119 /* GoodWeatherTests.swift in Sources */ = {isa = PBXBuildFile; fileRef = C7863C17295BEA6800DEB119 /* GoodWeatherTests.swift */; };
		C7863C22295BEA6900DEB119 /* GoodWeatherUITests.swift in Sources */ = {isa = PBXBuildFile; fileRef = C7863C21295BEA6900DEB119 /* GoodWeatherUITests.swift */; };
		C7863C24295BEA6900DEB119 /* GoodWeatherUITestsLaunchTests.swift in Sources */ = {isa = PBXBuildFile; fileRef = C7863C23295BEA6900DEB119 /* GoodWeatherUITestsLaunchTests.swift */; };
		C7863C32295BF03800DEB119 /* WheatherListTableViewController.swift in Sources */ = {isa = PBXBuildFile; fileRef = C7863C31295BF03800DEB119 /* WheatherListTableViewController.swift */; };
		C7863C34295BF08300DEB119 /* AddWheatherViewController.swift in Sources */ = {isa = PBXBuildFile; fileRef = C7863C33295BF08300DEB119 /* AddWheatherViewController.swift */; };
		C7863C37295BFE1800DEB119 /* WeatherCellTableViewCell.swift in Sources */ = {isa = PBXBuildFile; fileRef = C7863C36295BFE1800DEB119 /* WeatherCellTableViewCell.swift */; };
/* End PBXBuildFile section */

/* Begin PBXContainerItemProxy section */
		C7863C14295BEA6800DEB119 /* PBXContainerItemProxy */ = {
			isa = PBXContainerItemProxy;
			containerPortal = C7863BF5295BEA6600DEB119 /* Project object */;
			proxyType = 1;
			remoteGlobalIDString = C7863BFC295BEA6600DEB119;
			remoteInfo = GoodWeather;
		};
		C7863C1E295BEA6900DEB119 /* PBXContainerItemProxy */ = {
			isa = PBXContainerItemProxy;
			containerPortal = C7863BF5295BEA6600DEB119 /* Project object */;
			proxyType = 1;
			remoteGlobalIDString = C7863BFC295BEA6600DEB119;
			remoteInfo = GoodWeather;
		};
/* End PBXContainerItemProxy section */

/* Begin PBXFileReference section */
		C7526265295C3525008B40F8 /* WebServices.swift */ = {isa = PBXFileReference; lastKnownFileType = sourcecode.swift; path = WebServices.swift; sourceTree = "<group>"; };
		C7526268295C3B01008B40F8 /* WeatherResponce.swift */ = {isa = PBXFileReference; lastKnownFileType = sourcecode.swift; path = WeatherResponce.swift; sourceTree = "<group>"; };
		C752626B295C4BBF008B40F8 /* AddWheatherViewModels.swift */ = {isa = PBXFileReference; lastKnownFileType = sourcecode.swift; path = AddWheatherViewModels.swift; sourceTree = "<group>"; };
		C752626E295C4CD2008B40F8 /* WheatherListViewModel.swift */ = {isa = PBXFileReference; lastKnownFileType = sourcecode.swift; path = WheatherListViewModel.swift; sourceTree = "<group>"; };
		C7863BFD295BEA6600DEB119 /* GoodWeather.app */ = {isa = PBXFileReference; explicitFileType = wrapper.application; includeInIndex = 0; path = GoodWeather.app; sourceTree = BUILT_PRODUCTS_DIR; };
		C7863C00295BEA6600DEB119 /* AppDelegate.swift */ = {isa = PBXFileReference; lastKnownFileType = sourcecode.swift; path = AppDelegate.swift; sourceTree = "<group>"; };
		C7863C02295BEA6600DEB119 /* SceneDelegate.swift */ = {isa = PBXFileReference; lastKnownFileType = sourcecode.swift; path = SceneDelegate.swift; sourceTree = "<group>"; };
		C7863C07295BEA6600DEB119 /* Base */ = {isa = PBXFileReference; lastKnownFileType = file.storyboard; name = Base; path = Base.lproj/Main.storyboard; sourceTree = "<group>"; };
		C7863C09295BEA6800DEB119 /* Assets.xcassets */ = {isa = PBXFileReference; lastKnownFileType = folder.assetcatalog; path = Assets.xcassets; sourceTree = "<group>"; };
		C7863C0C295BEA6800DEB119 /* Base */ = {isa = PBXFileReference; lastKnownFileType = file.storyboard; name = Base; path = Base.lproj/LaunchScreen.storyboard; sourceTree = "<group>"; };
		C7863C0E295BEA6800DEB119 /* Info.plist */ = {isa = PBXFileReference; lastKnownFileType = text.plist.xml; path = Info.plist; sourceTree = "<group>"; };
		C7863C13295BEA6800DEB119 /* GoodWeatherTests.xctest */ = {isa = PBXFileReference; explicitFileType = wrapper.cfbundle; includeInIndex = 0; path = GoodWeatherTests.xctest; sourceTree = BUILT_PRODUCTS_DIR; };
		C7863C17295BEA6800DEB119 /* GoodWeatherTests.swift */ = {isa = PBXFileReference; lastKnownFileType = sourcecode.swift; path = GoodWeatherTests.swift; sourceTree = "<group>"; };
		C7863C1D295BEA6900DEB119 /* GoodWeatherUITests.xctest */ = {isa = PBXFileReference; explicitFileType = wrapper.cfbundle; includeInIndex = 0; path = GoodWeatherUITests.xctest; sourceTree = BUILT_PRODUCTS_DIR; };
		C7863C21295BEA6900DEB119 /* GoodWeatherUITests.swift */ = {isa = PBXFileReference; lastKnownFileType = sourcecode.swift; path = GoodWeatherUITests.swift; sourceTree = "<group>"; };
		C7863C23295BEA6900DEB119 /* GoodWeatherUITestsLaunchTests.swift */ = {isa = PBXFileReference; lastKnownFileType = sourcecode.swift; path = GoodWeatherUITestsLaunchTests.swift; sourceTree = "<group>"; };
		C7863C31295BF03800DEB119 /* WheatherListTableViewController.swift */ = {isa = PBXFileReference; lastKnownFileType = sourcecode.swift; path = WheatherListTableViewController.swift; sourceTree = "<group>"; };
		C7863C33295BF08300DEB119 /* AddWheatherViewController.swift */ = {isa = PBXFileReference; lastKnownFileType = sourcecode.swift; path = AddWheatherViewController.swift; sourceTree = "<group>"; };
		C7863C36295BFE1800DEB119 /* WeatherCellTableViewCell.swift */ = {isa = PBXFileReference; lastKnownFileType = sourcecode.swift; path = WeatherCellTableViewCell.swift; sourceTree = "<group>"; };
/* End PBXFileReference section */

/* Begin PBXFrameworksBuildPhase section */
		C7863BFA295BEA6600DEB119 /* Frameworks */ = {
			isa = PBXFrameworksBuildPhase;
			buildActionMask = 2147483647;
			files = (
			);
			runOnlyForDeploymentPostprocessing = 0;
		};
		C7863C10295BEA6800DEB119 /* Frameworks */ = {
			isa = PBXFrameworksBuildPhase;
			buildActionMask = 2147483647;
			files = (
			);
			runOnlyForDeploymentPostprocessing = 0;
		};
		C7863C1A295BEA6900DEB119 /* Frameworks */ = {
			isa = PBXFrameworksBuildPhase;
			buildActionMask = 2147483647;
			files = (
			);
			runOnlyForDeploymentPostprocessing = 0;
		};
/* End PBXFrameworksBuildPhase section */

/* Begin PBXGroup section */
		C7526264295C34D8008B40F8 /* Services */ = {
			isa = PBXGroup;
			children = (
				C7526265295C3525008B40F8 /* WebServices.swift */,
			);
			path = Services;
			sourceTree = "<group>";
		};
		C7526267295C3AE1008B40F8 /* Models */ = {
			isa = PBXGroup;
			children = (
				C7526268295C3B01008B40F8 /* WeatherResponce.swift */,
			);
			path = Models;
			sourceTree = "<group>";
		};
		C752626A295C4B8E008B40F8 /* View Models */ = {
			isa = PBXGroup;
			children = (
				C752626B295C4BBF008B40F8 /* AddWheatherViewModels.swift */,
				C752626E295C4CD2008B40F8 /* WheatherListViewModel.swift */,
			);
			path = "View Models";
			sourceTree = "<group>";
		};
		C7863BF4295BEA6600DEB119 = {
			isa = PBXGroup;
			children = (
				C7863BFF295BEA6600DEB119 /* GoodWeather */,
				C7863C16295BEA6800DEB119 /* GoodWeatherTests */,
				C7863C20295BEA6900DEB119 /* GoodWeatherUITests */,
				C7863BFE295BEA6600DEB119 /* Products */,
			);
			sourceTree = "<group>";
		};
		C7863BFE295BEA6600DEB119 /* Products */ = {
			isa = PBXGroup;
			children = (
				C7863BFD295BEA6600DEB119 /* GoodWeather.app */,
				C7863C13295BEA6800DEB119 /* GoodWeatherTests.xctest */,
				C7863C1D295BEA6900DEB119 /* GoodWeatherUITests.xctest */,
			);
			name = Products;
			sourceTree = "<group>";
		};
		C7863BFF295BEA6600DEB119 /* GoodWeather */ = {
			isa = PBXGroup;
			children = (
				C752626A295C4B8E008B40F8 /* View Models */,
				C7526267295C3AE1008B40F8 /* Models */,
				C7526264295C34D8008B40F8 /* Services */,
				C7863C35295BFDF300DEB119 /* Custom Cells */,
				C7863C30295BF01400DEB119 /* Controllers */,
				C7863C00295BEA6600DEB119 /* AppDelegate.swift */,
				C7863C02295BEA6600DEB119 /* SceneDelegate.swift */,
				C7863C06295BEA6600DEB119 /* Main.storyboard */,
				C7863C09295BEA6800DEB119 /* Assets.xcassets */,
				C7863C0B295BEA6800DEB119 /* LaunchScreen.storyboard */,
				C7863C0E295BEA6800DEB119 /* Info.plist */,
			);
			path = GoodWeather;
			sourceTree = "<group>";
		};
		C7863C16295BEA6800DEB119 /* GoodWeatherTests */ = {
			isa = PBXGroup;
			children = (
				C7863C17295BEA6800DEB119 /* GoodWeatherTests.swift */,
			);
			path = GoodWeatherTests;
			sourceTree = "<group>";
		};
		C7863C20295BEA6900DEB119 /* GoodWeatherUITests */ = {
			isa = PBXGroup;
			children = (
				C7863C21295BEA6900DEB119 /* GoodWeatherUITests.swift */,
				C7863C23295BEA6900DEB119 /* GoodWeatherUITestsLaunchTests.swift */,
			);
			path = GoodWeatherUITests;
			sourceTree = "<group>";
		};
		C7863C30295BF01400DEB119 /* Controllers */ = {
			isa = PBXGroup;
			children = (
				C7863C31295BF03800DEB119 /* WheatherListTableViewController.swift */,
				C7863C33295BF08300DEB119 /* AddWheatherViewController.swift */,
			);
			path = Controllers;
			sourceTree = "<group>";
		};
		C7863C35295BFDF300DEB119 /* Custom Cells */ = {
			isa = PBXGroup;
			children = (
				C7863C36295BFE1800DEB119 /* WeatherCellTableViewCell.swift */,
			);
			path = "Custom Cells";
			sourceTree = "<group>";
		};
/* End PBXGroup section */

/* Begin PBXNativeTarget section */
		C7863BFC295BEA6600DEB119 /* GoodWeather */ = {
			isa = PBXNativeTarget;
			buildConfigurationList = C7863C27295BEA6900DEB119 /* Build configuration list for PBXNativeTarget "GoodWeather" */;
			buildPhases = (
				C7863BF9295BEA6600DEB119 /* Sources */,
				C7863BFA295BEA6600DEB119 /* Frameworks */,
				C7863BFB295BEA6600DEB119 /* Resources */,
			);
			buildRules = (
			);
			dependencies = (
			);
			name = GoodWeather;
			productName = GoodWeather;
			productReference = C7863BFD295BEA6600DEB119 /* GoodWeather.app */;
			productType = "com.apple.product-type.application";
		};
		C7863C12295BEA6800DEB119 /* GoodWeatherTests */ = {
			isa = PBXNativeTarget;
			buildConfigurationList = C7863C2A295BEA6900DEB119 /* Build configuration list for PBXNativeTarget "GoodWeatherTests" */;
			buildPhases = (
				C7863C0F295BEA6800DEB119 /* Sources */,
				C7863C10295BEA6800DEB119 /* Frameworks */,
				C7863C11295BEA6800DEB119 /* Resources */,
			);
			buildRules = (
			);
			dependencies = (
				C7863C15295BEA6800DEB119 /* PBXTargetDependency */,
			);
			name = GoodWeatherTests;
			productName = GoodWeatherTests;
			productReference = C7863C13295BEA6800DEB119 /* GoodWeatherTests.xctest */;
			productType = "com.apple.product-type.bundle.unit-test";
		};
		C7863C1C295BEA6900DEB119 /* GoodWeatherUITests */ = {
			isa = PBXNativeTarget;
			buildConfigurationList = C7863C2D295BEA6900DEB119 /* Build configuration list for PBXNativeTarget "GoodWeatherUITests" */;
			buildPhases = (
				C7863C19295BEA6900DEB119 /* Sources */,
				C7863C1A295BEA6900DEB119 /* Frameworks */,
				C7863C1B295BEA6900DEB119 /* Resources */,
			);
			buildRules = (
			);
			dependencies = (
				C7863C1F295BEA6900DEB119 /* PBXTargetDependency */,
			);
			name = GoodWeatherUITests;
			productName = GoodWeatherUITests;
			productReference = C7863C1D295BEA6900DEB119 /* GoodWeatherUITests.xctest */;
			productType = "com.apple.product-type.bundle.ui-testing";
		};
/* End PBXNativeTarget section */

/* Begin PBXProject section */
		C7863BF5295BEA6600DEB119 /* Project object */ = {
			isa = PBXProject;
			attributes = {
				BuildIndependentTargetsInParallel = 1;
				LastSwiftUpdateCheck = 1340;
				LastUpgradeCheck = 1340;
				TargetAttributes = {
					C7863BFC295BEA6600DEB119 = {
						CreatedOnToolsVersion = 13.4.1;
					};
					C7863C12295BEA6800DEB119 = {
						CreatedOnToolsVersion = 13.4.1;
						TestTargetID = C7863BFC295BEA6600DEB119;
					};
					C7863C1C295BEA6900DEB119 = {
						CreatedOnToolsVersion = 13.4.1;
						TestTargetID = C7863BFC295BEA6600DEB119;
					};
				};
			};
			buildConfigurationList = C7863BF8295BEA6600DEB119 /* Build configuration list for PBXProject "GoodWeather" */;
			compatibilityVersion = "Xcode 13.0";
			developmentRegion = en;
			hasScannedForEncodings = 0;
			knownRegions = (
				en,
				Base,
			);
			mainGroup = C7863BF4295BEA6600DEB119;
			productRefGroup = C7863BFE295BEA6600DEB119 /* Products */;
			projectDirPath = "";
			projectRoot = "";
			targets = (
				C7863BFC295BEA6600DEB119 /* GoodWeather */,
				C7863C12295BEA6800DEB119 /* GoodWeatherTests */,
				C7863C1C295BEA6900DEB119 /* GoodWeatherUITests */,
			);
		};
/* End PBXProject section */

/* Begin PBXResourcesBuildPhase section */
		C7863BFB295BEA6600DEB119 /* Resources */ = {
			isa = PBXResourcesBuildPhase;
			buildActionMask = 2147483647;
			files = (
				C7863C0D295BEA6800DEB119 /* LaunchScreen.storyboard in Resources */,
				C7863C0A295BEA6800DEB119 /* Assets.xcassets in Resources */,
				C7863C08295BEA6600DEB119 /* Main.storyboard in Resources */,
			);
			runOnlyForDeploymentPostprocessing = 0;
		};
		C7863C11295BEA6800DEB119 /* Resources */ = {
			isa = PBXResourcesBuildPhase;
			buildActionMask = 2147483647;
			files = (
			);
			runOnlyForDeploymentPostprocessing = 0;
		};
		C7863C1B295BEA6900DEB119 /* Resources */ = {
			isa = PBXResourcesBuildPhase;
			buildActionMask = 2147483647;
			files = (
			);
			runOnlyForDeploymentPostprocessing = 0;
		};
/* End PBXResourcesBuildPhase section */

/* Begin PBXSourcesBuildPhase section */
		C7863BF9295BEA6600DEB119 /* Sources */ = {
			isa = PBXSourcesBuildPhase;
			buildActionMask = 2147483647;
			files = (
				C7863C32295BF03800DEB119 /* WheatherListTableViewController.swift in Sources */,
				C7526266295C3525008B40F8 /* WebServices.swift in Sources */,
				C7863C34295BF08300DEB119 /* AddWheatherViewController.swift in Sources */,
				C752626F295C4CD2008B40F8 /* WheatherListViewModel.swift in Sources */,
				C7863C01295BEA6600DEB119 /* AppDelegate.swift in Sources */,
				C7863C03295BEA6600DEB119 /* SceneDelegate.swift in Sources */,
				C7526269295C3B01008B40F8 /* WeatherResponce.swift in Sources */,
				C752626C295C4BBF008B40F8 /* AddWheatherViewModels.swift in Sources */,
				C7863C37295BFE1800DEB119 /* WeatherCellTableViewCell.swift in Sources */,
			);
			runOnlyForDeploymentPostprocessing = 0;
		};
		C7863C0F295BEA6800DEB119 /* Sources */ = {
			isa = PBXSourcesBuildPhase;
			buildActionMask = 2147483647;
			files = (
				C7863C18295BEA6800DEB119 /* GoodWeatherTests.swift in Sources */,
			);
			runOnlyForDeploymentPostprocessing = 0;
		};
		C7863C19295BEA6900DEB119 /* Sources */ = {
			isa = PBXSourcesBuildPhase;
			buildActionMask = 2147483647;
			files = (
				C7863C24295BEA6900DEB119 /* GoodWeatherUITestsLaunchTests.swift in Sources */,
				C7863C22295BEA6900DEB119 /* GoodWeatherUITests.swift in Sources */,
			);
			runOnlyForDeploymentPostprocessing = 0;
		};
/* End PBXSourcesBuildPhase section */

/* Begin PBXTargetDependency section */
		C7863C15295BEA6800DEB119 /* PBXTargetDependency */ = {
			isa = PBXTargetDependency;
			target = C7863BFC295BEA6600DEB119 /* GoodWeather */;
			targetProxy = C7863C14295BEA6800DEB119 /* PBXContainerItemProxy */;
		};
		C7863C1F295BEA6900DEB119 /* PBXTargetDependency */ = {
			isa = PBXTargetDependency;
			target = C7863BFC295BEA6600DEB119 /* GoodWeather */;
			targetProxy = C7863C1E295BEA6900DEB119 /* PBXContainerItemProxy */;
		};
/* End PBXTargetDependency section */

/* Begin PBXVariantGroup section */
		C7863C06295BEA6600DEB119 /* Main.storyboard */ = {
			isa = PBXVariantGroup;
			children = (
				C7863C07295BEA6600DEB119 /* Base */,
			);
			name = Main.storyboard;
			sourceTree = "<group>";
		};
		C7863C0B295BEA6800DEB119 /* LaunchScreen.storyboard */ = {
			isa = PBXVariantGroup;
			children = (
				C7863C0C295BEA6800DEB119 /* Base */,
			);
			name = LaunchScreen.storyboard;
			sourceTree = "<group>";
		};
/* End PBXVariantGroup section */

/* Begin XCBuildConfiguration section */
		C7863C25295BEA6900DEB119 /* Debug */ = {
			isa = XCBuildConfiguration;
			buildSettings = {
				ALWAYS_SEARCH_USER_PATHS = NO;
				CLANG_ANALYZER_NONNULL = YES;
				CLANG_ANALYZER_NUMBER_OBJECT_CONVERSION = YES_AGGRESSIVE;
				CLANG_CXX_LANGUAGE_STANDARD = "gnu++17";
				CLANG_ENABLE_MODULES = YES;
				CLANG_ENABLE_OBJC_ARC = YES;
				CLANG_ENABLE_OBJC_WEAK = YES;
				CLANG_WARN_BLOCK_CAPTURE_AUTORELEASING = YES;
				CLANG_WARN_BOOL_CONVERSION = YES;
				CLANG_WARN_COMMA = YES;
				CLANG_WARN_CONSTANT_CONVERSION = YES;
				CLANG_WARN_DEPRECATED_OBJC_IMPLEMENTATIONS = YES;
				CLANG_WARN_DIRECT_OBJC_ISA_USAGE = YES_ERROR;
				CLANG_WARN_DOCUMENTATION_COMMENTS = YES;
				CLANG_WARN_EMPTY_BODY = YES;
				CLANG_WARN_ENUM_CONVERSION = YES;
				CLANG_WARN_INFINITE_RECURSION = YES;
				CLANG_WARN_INT_CONVERSION = YES;
				CLANG_WARN_NON_LITERAL_NULL_CONVERSION = YES;
				CLANG_WARN_OBJC_IMPLICIT_RETAIN_SELF = YES;
				CLANG_WARN_OBJC_LITERAL_CONVERSION = YES;
				CLANG_WARN_OBJC_ROOT_CLASS = YES_ERROR;
				CLANG_WARN_QUOTED_INCLUDE_IN_FRAMEWORK_HEADER = YES;
				CLANG_WARN_RANGE_LOOP_ANALYSIS = YES;
				CLANG_WARN_STRICT_PROTOTYPES = YES;
				CLANG_WARN_SUSPICIOUS_MOVE = YES;
				CLANG_WARN_UNGUARDED_AVAILABILITY = YES_AGGRESSIVE;
				CLANG_WARN_UNREACHABLE_CODE = YES;
				CLANG_WARN__DUPLICATE_METHOD_MATCH = YES;
				COPY_PHASE_STRIP = NO;
				DEBUG_INFORMATION_FORMAT = dwarf;
				ENABLE_STRICT_OBJC_MSGSEND = YES;
				ENABLE_TESTABILITY = YES;
				GCC_C_LANGUAGE_STANDARD = gnu11;
				GCC_DYNAMIC_NO_PIC = NO;
				GCC_NO_COMMON_BLOCKS = YES;
				GCC_OPTIMIZATION_LEVEL = 0;
				GCC_PREPROCESSOR_DEFINITIONS = (
					"DEBUG=1",
					"$(inherited)",
				);
				GCC_WARN_64_TO_32_BIT_CONVERSION = YES;
				GCC_WARN_ABOUT_RETURN_TYPE = YES_ERROR;
				GCC_WARN_UNDECLARED_SELECTOR = YES;
				GCC_WARN_UNINITIALIZED_AUTOS = YES_AGGRESSIVE;
				GCC_WARN_UNUSED_FUNCTION = YES;
				GCC_WARN_UNUSED_VARIABLE = YES;
				IPHONEOS_DEPLOYMENT_TARGET = 15.5;
				MTL_ENABLE_DEBUG_INFO = INCLUDE_SOURCE;
				MTL_FAST_MATH = YES;
				ONLY_ACTIVE_ARCH = YES;
				SDKROOT = iphoneos;
				SWIFT_ACTIVE_COMPILATION_CONDITIONS = DEBUG;
				SWIFT_OPTIMIZATION_LEVEL = "-Onone";
			};
			name = Debug;
		};
		C7863C26295BEA6900DEB119 /* Release */ = {
			isa = XCBuildConfiguration;
			buildSettings = {
				ALWAYS_SEARCH_USER_PATHS = NO;
				CLANG_ANALYZER_NONNULL = YES;
				CLANG_ANALYZER_NUMBER_OBJECT_CONVERSION = YES_AGGRESSIVE;
				CLANG_CXX_LANGUAGE_STANDARD = "gnu++17";
				CLANG_ENABLE_MODULES = YES;
				CLANG_ENABLE_OBJC_ARC = YES;
				CLANG_ENABLE_OBJC_WEAK = YES;
				CLANG_WARN_BLOCK_CAPTURE_AUTORELEASING = YES;
				CLANG_WARN_BOOL_CONVERSION = YES;
				CLANG_WARN_COMMA = YES;
				CLANG_WARN_CONSTANT_CONVERSION = YES;
				CLANG_WARN_DEPRECATED_OBJC_IMPLEMENTATIONS = YES;
				CLANG_WARN_DIRECT_OBJC_ISA_USAGE = YES_ERROR;
				CLANG_WARN_DOCUMENTATION_COMMENTS = YES;
				CLANG_WARN_EMPTY_BODY = YES;
				CLANG_WARN_ENUM_CONVERSION = YES;
				CLANG_WARN_INFINITE_RECURSION = YES;
				CLANG_WARN_INT_CONVERSION = YES;
				CLANG_WARN_NON_LITERAL_NULL_CONVERSION = YES;
				CLANG_WARN_OBJC_IMPLICIT_RETAIN_SELF = YES;
				CLANG_WARN_OBJC_LITERAL_CONVERSION = YES;
				CLANG_WARN_OBJC_ROOT_CLASS = YES_ERROR;
				CLANG_WARN_QUOTED_INCLUDE_IN_FRAMEWORK_HEADER = YES;
				CLANG_WARN_RANGE_LOOP_ANALYSIS = YES;
				CLANG_WARN_STRICT_PROTOTYPES = YES;
				CLANG_WARN_SUSPICIOUS_MOVE = YES;
				CLANG_WARN_UNGUARDED_AVAILABILITY = YES_AGGRESSIVE;
				CLANG_WARN_UNREACHABLE_CODE = YES;
				CLANG_WARN__DUPLICATE_METHOD_MATCH = YES;
				COPY_PHASE_STRIP = NO;
				DEBUG_INFORMATION_FORMAT = "dwarf-with-dsym";
				ENABLE_NS_ASSERTIONS = NO;
				ENABLE_STRICT_OBJC_MSGSEND = YES;
				GCC_C_LANGUAGE_STANDARD = gnu11;
				GCC_NO_COMMON_BLOCKS = YES;
				GCC_WARN_64_TO_32_BIT_CONVERSION = YES;
				GCC_WARN_ABOUT_RETURN_TYPE = YES_ERROR;
				GCC_WARN_UNDECLARED_SELECTOR = YES;
				GCC_WARN_UNINITIALIZED_AUTOS = YES_AGGRESSIVE;
				GCC_WARN_UNUSED_FUNCTION = YES;
				GCC_WARN_UNUSED_VARIABLE = YES;
				IPHONEOS_DEPLOYMENT_TARGET = 15.5;
				MTL_ENABLE_DEBUG_INFO = NO;
				MTL_FAST_MATH = YES;
				SDKROOT = iphoneos;
				SWIFT_COMPILATION_MODE = wholemodule;
				SWIFT_OPTIMIZATION_LEVEL = "-O";
				VALIDATE_PRODUCT = YES;
			};
			name = Release;
		};
		C7863C28295BEA6900DEB119 /* Debug */ = {
			isa = XCBuildConfiguration;
			buildSettings = {
				ASSETCATALOG_COMPILER_APPICON_NAME = AppIcon;
				ASSETCATALOG_COMPILER_GLOBAL_ACCENT_COLOR_NAME = AccentColor;
				CODE_SIGN_STYLE = Automatic;
				CURRENT_PROJECT_VERSION = 1;
				DEVELOPMENT_TEAM = X49N5BHN65;
				GENERATE_INFOPLIST_FILE = YES;
				INFOPLIST_FILE = GoodWeather/Info.plist;
				INFOPLIST_KEY_UIApplicationSupportsIndirectInputEvents = YES;
				INFOPLIST_KEY_UILaunchStoryboardName = LaunchScreen;
				INFOPLIST_KEY_UIMainStoryboardFile = Main;
				INFOPLIST_KEY_UISupportedInterfaceOrientations_iPad = "UIInterfaceOrientationPortrait UIInterfaceOrientationPortraitUpsideDown UIInterfaceOrientationLandscapeLeft UIInterfaceOrientationLandscapeRight";
				INFOPLIST_KEY_UISupportedInterfaceOrientations_iPhone = "UIInterfaceOrientationPortrait UIInterfaceOrientationLandscapeLeft UIInterfaceOrientationLandscapeRight";
				LD_RUNPATH_SEARCH_PATHS = (
					"$(inherited)",
					"@executable_path/Frameworks",
				);
				MARKETING_VERSION = 1.0;
				PRODUCT_BUNDLE_IDENTIFIER = a.GoodWeather;
				PRODUCT_NAME = "$(TARGET_NAME)";
				SWIFT_EMIT_LOC_STRINGS = YES;
				SWIFT_VERSION = 5.0;
				TARGETED_DEVICE_FAMILY = 1;
			};
			name = Debug;
		};
		C7863C29295BEA6900DEB119 /* Release */ = {
			isa = XCBuildConfiguration;
			buildSettings = {
				ASSETCATALOG_COMPILER_APPICON_NAME = AppIcon;
				ASSETCATALOG_COMPILER_GLOBAL_ACCENT_COLOR_NAME = AccentColor;
				CODE_SIGN_STYLE = Automatic;
				CURRENT_PROJECT_VERSION = 1;
				DEVELOPMENT_TEAM = X49N5BHN65;
				GENERATE_INFOPLIST_FILE = YES;
				INFOPLIST_FILE = GoodWeather/Info.plist;
				INFOPLIST_KEY_UIApplicationSupportsIndirectInputEvents = YES;
				INFOPLIST_KEY_UILaunchStoryboardName = LaunchScreen;
				INFOPLIST_KEY_UIMainStoryboardFile = Main;
				INFOPLIST_KEY_UISupportedInterfaceOrientations_iPad = "UIInterfaceOrientationPortrait UIInterfaceOrientationPortraitUpsideDown UIInterfaceOrientationLandscapeLeft UIInterfaceOrientationLandscapeRight";
				INFOPLIST_KEY_UISupportedInterfaceOrientations_iPhone = "UIInterfaceOrientationPortrait UIInterfaceOrientationLandscapeLeft UIInterfaceOrientationLandscapeRight";
				LD_RUNPATH_SEARCH_PATHS = (
					"$(inherited)",
					"@executable_path/Frameworks",
				);
				MARKETING_VERSION = 1.0;
				PRODUCT_BUNDLE_IDENTIFIER = a.GoodWeather;
				PRODUCT_NAME = "$(TARGET_NAME)";
				SWIFT_EMIT_LOC_STRINGS = YES;
				SWIFT_VERSION = 5.0;
				TARGETED_DEVICE_FAMILY = 1;
			};
			name = Release;
		};
		C7863C2B295BEA6900DEB119 /* Debug */ = {
			isa = XCBuildConfiguration;
			buildSettings = {
				ALWAYS_EMBED_SWIFT_STANDARD_LIBRARIES = YES;
				BUNDLE_LOADER = "$(TEST_HOST)";
				CODE_SIGN_STYLE = Automatic;
				CURRENT_PROJECT_VERSION = 1;
				DEVELOPMENT_TEAM = X49N5BHN65;
				GENERATE_INFOPLIST_FILE = YES;
				IPHONEOS_DEPLOYMENT_TARGET = 15.5;
				MARKETING_VERSION = 1.0;
				PRODUCT_BUNDLE_IDENTIFIER = a.GoodWeatherTests;
				PRODUCT_NAME = "$(TARGET_NAME)";
				SWIFT_EMIT_LOC_STRINGS = NO;
				SWIFT_VERSION = 5.0;
				TARGETED_DEVICE_FAMILY = "1,2";
				TEST_HOST = "$(BUILT_PRODUCTS_DIR)/GoodWeather.app/GoodWeather";
			};
			name = Debug;
		};
		C7863C2C295BEA6900DEB119 /* Release */ = {
			isa = XCBuildConfiguration;
			buildSettings = {
				ALWAYS_EMBED_SWIFT_STANDARD_LIBRARIES = YES;
				BUNDLE_LOADER = "$(TEST_HOST)";
				CODE_SIGN_STYLE = Automatic;
				CURRENT_PROJECT_VERSION = 1;
				DEVELOPMENT_TEAM = X49N5BHN65;
				GENERATE_INFOPLIST_FILE = YES;
				IPHONEOS_DEPLOYMENT_TARGET = 15.5;
				MARKETING_VERSION = 1.0;
				PRODUCT_BUNDLE_IDENTIFIER = a.GoodWeatherTests;
				PRODUCT_NAME = "$(TARGET_NAME)";
				SWIFT_EMIT_LOC_STRINGS = NO;
				SWIFT_VERSION = 5.0;
				TARGETED_DEVICE_FAMILY = "1,2";
				TEST_HOST = "$(BUILT_PRODUCTS_DIR)/GoodWeather.app/GoodWeather";
			};
			name = Release;
		};
		C7863C2E295BEA6900DEB119 /* Debug */ = {
			isa = XCBuildConfiguration;
			buildSettings = {
				ALWAYS_EMBED_SWIFT_STANDARD_LIBRARIES = YES;
				CODE_SIGN_STYLE = Automatic;
				CURRENT_PROJECT_VERSION = 1;
				DEVELOPMENT_TEAM = X49N5BHN65;
				GENERATE_INFOPLIST_FILE = YES;
				MARKETING_VERSION = 1.0;
				PRODUCT_BUNDLE_IDENTIFIER = a.GoodWeatherUITests;
				PRODUCT_NAME = "$(TARGET_NAME)";
				SWIFT_EMIT_LOC_STRINGS = NO;
				SWIFT_VERSION = 5.0;
				TARGETED_DEVICE_FAMILY = "1,2";
				TEST_TARGET_NAME = GoodWeather;
			};
			name = Debug;
		};
		C7863C2F295BEA6900DEB119 /* Release */ = {
			isa = XCBuildConfiguration;
			buildSettings = {
				ALWAYS_EMBED_SWIFT_STANDARD_LIBRARIES = YES;
				CODE_SIGN_STYLE = Automatic;
				CURRENT_PROJECT_VERSION = 1;
				DEVELOPMENT_TEAM = X49N5BHN65;
				GENERATE_INFOPLIST_FILE = YES;
				MARKETING_VERSION = 1.0;
				PRODUCT_BUNDLE_IDENTIFIER = a.GoodWeatherUITests;
				PRODUCT_NAME = "$(TARGET_NAME)";
				SWIFT_EMIT_LOC_STRINGS = NO;
				SWIFT_VERSION = 5.0;
				TARGETED_DEVICE_FAMILY = "1,2";
				TEST_TARGET_NAME = GoodWeather;
			};
			name = Release;
		};
/* End XCBuildConfiguration section */

/* Begin XCConfigurationList section */
		C7863BF8295BEA6600DEB119 /* Build configuration list for PBXProject "GoodWeather" */ = {
			isa = XCConfigurationList;
			buildConfigurations = (
				C7863C25295BEA6900DEB119 /* Debug */,
				C7863C26295BEA6900DEB119 /* Release */,
			);
			defaultConfigurationIsVisible = 0;
			defaultConfigurationName = Release;
		};
		C7863C27295BEA6900DEB119 /* Build configuration list for PBXNativeTarget "GoodWeather" */ = {
			isa = XCConfigurationList;
			buildConfigurations = (
				C7863C28295BEA6900DEB119 /* Debug */,
				C7863C29295BEA6900DEB119 /* Release */,
			);
			defaultConfigurationIsVisible = 0;
			defaultConfigurationName = Release;
		};
		C7863C2A295BEA6900DEB119 /* Build configuration list for PBXNativeTarget "GoodWeatherTests" */ = {
			isa = XCConfigurationList;
			buildConfigurations = (
				C7863C2B295BEA6900DEB119 /* Debug */,
				C7863C2C295BEA6900DEB119 /* Release */,
			);
			defaultConfigurationIsVisible = 0;
			defaultConfigurationName = Release;
		};
		C7863C2D295BEA6900DEB119 /* Build configuration list for PBXNativeTarget "GoodWeatherUITests" */ = {
			isa = XCConfigurationList;
			buildConfigurations = (
				C7863C2E295BEA6900DEB119 /* Debug */,
				C7863C2F295BEA6900DEB119 /* Release */,
			);
			defaultConfigurationIsVisible = 0;
			defaultConfigurationName = Release;
		};
/* End XCConfigurationList section */
	};
	rootObject = C7863BF5295BEA6600DEB119 /* Project object */;
}
